
Microsoft Visual Studio Solution File, Format Version 12.00
# Visual Studio Version 16
VisualStudioVersion = 16.0.31624.102
MinimumVisualStudioVersion = 10.0.40219.1
Project("{8BC9CEB8-8B4A-11D0-8D11-00A0C91BC942}") = "serpenski", "serpenski.vcxproj", "{A3DF9528-B95E-4FFA-B225-805841A30FBD}"
EndProject
Global
	GlobalSection(SolutionConfigurationPlatforms) = preSolution
		Debug|x64 = Debug|x64
		Debug|x86 = Debug|x86
		Release|x64 = Release|x64
		Release|x86 = Release|x86
	EndGlobalSection
	GlobalSection(ProjectConfigurationPlatforms) = postSolution
		{A3DF9528-B95E-4FFA-B225-805841A30FBD}.Debug|x64.ActiveCfg = Debug|x64
		{A3DF9528-B95E-4FFA-B225-805841A30FBD}.Debug|x64.Build.0 = Debug|x64
		{A3DF9528-B95E-4FFA-B225-805841A30FBD}.Debug|x86.ActiveCfg = Debug|Win32
		{A3DF9528-B95E-4FFA-B225-805841A30FBD}.Debug|x86.Build.0 = Debug|Win32
		{A3DF9528-B95E-4FFA-B225-805841A30FBD}.Release|x64.ActiveCfg = Release|x64
		{A3DF9528-B95E-4FFA-B225-805841A30FBD}.Release|x64.Build.0 = Release|x64
		{A3DF9528-B95E-4FFA-B225-805841A30FBD}.Release|x86.ActiveCfg = Release|Win32
		{A3DF9528-B95E-4FFA-B225-805841A30FBD}.Release|x86.Build.0 = Release|Win32
	EndGlobalSection
	GlobalSection(SolutionProperties) = preSolution
		HideSolutionNode = FALSE
	EndGlobalSection
	GlobalSection(ExtensibilityGlobals) = postSolution
		SolutionGuid = {0AD3664F-3462-455D-BFF7-5554BB533530}
	EndGlobalSection
EndGlobal
